
Microsoft Visual Studio Solution File, Format Version 12.00
# Visual Studio 15
Project("{FAE04EC0-301F-11D3-BF4B-00C04F79EFBC}") = "01_Task", "01_Task\01_Task.csproj", "{C7DBC22D-80A4-4D69-A4E4-9AB85DB3F767}"
EndProject
Project("{FAE04EC0-301F-11D3-BF4B-00C04F79EFBC}") = "02_Task", "02_Task\02_Task.csproj", "{9DF91595-0D56-4084-A25A-B0AB5710D6CF}"
EndProject
Project("{FAE04EC0-301F-11D3-BF4B-00C04F79EFBC}") = "03_Task", "03_Task\03_Task.csproj", "{EE462C63-D7E8-40FC-AB9A-6C4BEF07D614}"
EndProject
Project("{FAE04EC0-301F-11D3-BF4B-00C04F79EFBC}") = "04_Task", "04_Task\04_Task.csproj", "{4BD07CAB-E51B-4DB0-9BE7-847ECAE19EDC}"
EndProject
Project("{FAE04EC0-301F-11D3-BF4B-00C04F79EFBC}") = "05_Task", "05_Task\05_Task.csproj", "{53090F0A-9F89-4258-8856-8357C128928F}"
EndProject
Project("{FAE04EC0-301F-11D3-BF4B-00C04F79EFBC}") = "06_Task", "06_Task\06_Task.csproj", "{27D478DA-02E8-4559-BC59-6E1C27B8D778}"
EndProject
Project("{FAE04EC0-301F-11D3-BF4B-00C04F79EFBC}") = "07_Task", "07_Task\07_Task.csproj", "{24B8FAF2-EAAA-4888-8C51-DFE77F7BF2BF}"
EndProject
Project("{FAE04EC0-301F-11D3-BF4B-00C04F79EFBC}") = "08_Task", "08_Task\08_Task.csproj", "{7E4C256E-96D0-4D02-8679-C4FFCBE48712}"
EndProject
Project("{FAE04EC0-301F-11D3-BF4B-00C04F79EFBC}") = "09_Task", "09_Task\09_Task.csproj", "{FF5C7734-1EFC-4AA4-ACF4-7EA02A0EBE7E}"
EndProject
Project("{FAE04EC0-301F-11D3-BF4B-00C04F79EFBC}") = "10_Task", "10_Task\10_Task.csproj", "{E7C96806-0E79-4B71-9321-44F8E102B572}"
EndProject
Project("{FAE04EC0-301F-11D3-BF4B-00C04F79EFBC}") = "11_Task", "11_Task\11_Task.csproj", "{AAE03DD0-F121-4B12-AC07-67A57969A975}"
EndProject
Project("{FAE04EC0-301F-11D3-BF4B-00C04F79EFBC}") = "12_Task", "12_Task\12_Task.csproj", "{70A70376-6770-454F-81DB-CF2586C3D86F}"
EndProject
Project("{FAE04EC0-301F-11D3-BF4B-00C04F79EFBC}") = "13_Task", "13_Task\13_Task.csproj", "{69A0E55C-76B7-4860-8BC2-CF4A32FC5941}"
EndProject
Project("{FAE04EC0-301F-11D3-BF4B-00C04F79EFBC}") = "14_Task", "14_Task\14_Task.csproj", "{8B43BF01-BBED-4ACC-B133-A196256D9B50}"
EndProject
Project("{FAE04EC0-301F-11D3-BF4B-00C04F79EFBC}") = "15_Task", "15_Task\15_Task.csproj", "{A5669E23-9866-441D-BBEA-EC40AA5FBAB7}"
EndProject
Project("{FAE04EC0-301F-11D3-BF4B-00C04F79EFBC}") = "16_Task", "16_Task\16_Task.csproj", "{3DB6DBB2-3858-4C45-ABA0-8694D6B208DD}"
EndProject
Global
	GlobalSection(SolutionConfigurationPlatforms) = preSolution
		Debug|Any CPU = Debug|Any CPU
		Release|Any CPU = Release|Any CPU
	EndGlobalSection
	GlobalSection(ProjectConfigurationPlatforms) = postSolution
		{C7DBC22D-80A4-4D69-A4E4-9AB85DB3F767}.Debug|Any CPU.ActiveCfg = Debug|Any CPU
		{C7DBC22D-80A4-4D69-A4E4-9AB85DB3F767}.Debug|Any CPU.Build.0 = Debug|Any CPU
		{C7DBC22D-80A4-4D69-A4E4-9AB85DB3F767}.Release|Any CPU.ActiveCfg = Release|Any CPU
		{C7DBC22D-80A4-4D69-A4E4-9AB85DB3F767}.Release|Any CPU.Build.0 = Release|Any CPU
		{9DF91595-0D56-4084-A25A-B0AB5710D6CF}.Debug|Any CPU.ActiveCfg = Debug|Any CPU
		{9DF91595-0D56-4084-A25A-B0AB5710D6CF}.Debug|Any CPU.Build.0 = Debug|Any CPU
		{9DF91595-0D56-4084-A25A-B0AB5710D6CF}.Release|Any CPU.ActiveCfg = Release|Any CPU
		{9DF91595-0D56-4084-A25A-B0AB5710D6CF}.Release|Any CPU.Build.0 = Release|Any CPU
		{EE462C63-D7E8-40FC-AB9A-6C4BEF07D614}.Debug|Any CPU.ActiveCfg = Debug|Any CPU
		{EE462C63-D7E8-40FC-AB9A-6C4BEF07D614}.Debug|Any CPU.Build.0 = Debug|Any CPU
		{EE462C63-D7E8-40FC-AB9A-6C4BEF07D614}.Release|Any CPU.ActiveCfg = Release|Any CPU
		{EE462C63-D7E8-40FC-AB9A-6C4BEF07D614}.Release|Any CPU.Build.0 = Release|Any CPU
		{4BD07CAB-E51B-4DB0-9BE7-847ECAE19EDC}.Debug|Any CPU.ActiveCfg = Debug|Any CPU
		{4BD07CAB-E51B-4DB0-9BE7-847ECAE19EDC}.Debug|Any CPU.Build.0 = Debug|Any CPU
		{4BD07CAB-E51B-4DB0-9BE7-847ECAE19EDC}.Release|Any CPU.ActiveCfg = Release|Any CPU
		{4BD07CAB-E51B-4DB0-9BE7-847ECAE19EDC}.Release|Any CPU.Build.0 = Release|Any CPU
		{53090F0A-9F89-4258-8856-8357C128928F}.Debug|Any CPU.ActiveCfg = Debug|Any CPU
		{53090F0A-9F89-4258-8856-8357C128928F}.Debug|Any CPU.Build.0 = Debug|Any CPU
		{53090F0A-9F89-4258-8856-8357C128928F}.Release|Any CPU.ActiveCfg = Release|Any CPU
		{53090F0A-9F89-4258-8856-8357C128928F}.Release|Any CPU.Build.0 = Release|Any CPU
		{27D478DA-02E8-4559-BC59-6E1C27B8D778}.Debug|Any CPU.ActiveCfg = Debug|Any CPU
		{27D478DA-02E8-4559-BC59-6E1C27B8D778}.Debug|Any CPU.Build.0 = Debug|Any CPU
		{27D478DA-02E8-4559-BC59-6E1C27B8D778}.Release|Any CPU.ActiveCfg = Release|Any CPU
		{27D478DA-02E8-4559-BC59-6E1C27B8D778}.Release|Any CPU.Build.0 = Release|Any CPU
		{24B8FAF2-EAAA-4888-8C51-DFE77F7BF2BF}.Debug|Any CPU.ActiveCfg = Debug|Any CPU
		{24B8FAF2-EAAA-4888-8C51-DFE77F7BF2BF}.Debug|Any CPU.Build.0 = Debug|Any CPU
		{24B8FAF2-EAAA-4888-8C51-DFE77F7BF2BF}.Release|Any CPU.ActiveCfg = Release|Any CPU
		{24B8FAF2-EAAA-4888-8C51-DFE77F7BF2BF}.Release|Any CPU.Build.0 = Release|Any CPU
		{7E4C256E-96D0-4D02-8679-C4FFCBE48712}.Debug|Any CPU.ActiveCfg = Debug|Any CPU
		{7E4C256E-96D0-4D02-8679-C4FFCBE48712}.Debug|Any CPU.Build.0 = Debug|Any CPU
		{7E4C256E-96D0-4D02-8679-C4FFCBE48712}.Release|Any CPU.ActiveCfg = Release|Any CPU
		{7E4C256E-96D0-4D02-8679-C4FFCBE48712}.Release|Any CPU.Build.0 = Release|Any CPU
		{FF5C7734-1EFC-4AA4-ACF4-7EA02A0EBE7E}.Debug|Any CPU.ActiveCfg = Debug|Any CPU
		{FF5C7734-1EFC-4AA4-ACF4-7EA02A0EBE7E}.Debug|Any CPU.Build.0 = Debug|Any CPU
		{FF5C7734-1EFC-4AA4-ACF4-7EA02A0EBE7E}.Release|Any CPU.ActiveCfg = Release|Any CPU
		{FF5C7734-1EFC-4AA4-ACF4-7EA02A0EBE7E}.Release|Any CPU.Build.0 = Release|Any CPU
		{E7C96806-0E79-4B71-9321-44F8E102B572}.Debug|Any CPU.ActiveCfg = Debug|Any CPU
		{E7C96806-0E79-4B71-9321-44F8E102B572}.Debug|Any CPU.Build.0 = Debug|Any CPU
		{E7C96806-0E79-4B71-9321-44F8E102B572}.Release|Any CPU.ActiveCfg = Release|Any CPU
		{E7C96806-0E79-4B71-9321-44F8E102B572}.Release|Any CPU.Build.0 = Release|Any CPU
		{AAE03DD0-F121-4B12-AC07-67A57969A975}.Debug|Any CPU.ActiveCfg = Debug|Any CPU
		{AAE03DD0-F121-4B12-AC07-67A57969A975}.Debug|Any CPU.Build.0 = Debug|Any CPU
		{AAE03DD0-F121-4B12-AC07-67A57969A975}.Release|Any CPU.ActiveCfg = Release|Any CPU
		{AAE03DD0-F121-4B12-AC07-67A57969A975}.Release|Any CPU.Build.0 = Release|Any CPU
		{70A70376-6770-454F-81DB-CF2586C3D86F}.Debug|Any CPU.ActiveCfg = Debug|Any CPU
		{70A70376-6770-454F-81DB-CF2586C3D86F}.Debug|Any CPU.Build.0 = Debug|Any CPU
		{70A70376-6770-454F-81DB-CF2586C3D86F}.Release|Any CPU.ActiveCfg = Release|Any CPU
		{70A70376-6770-454F-81DB-CF2586C3D86F}.Release|Any CPU.Build.0 = Release|Any CPU
		{69A0E55C-76B7-4860-8BC2-CF4A32FC5941}.Debug|Any CPU.ActiveCfg = Debug|Any CPU
		{69A0E55C-76B7-4860-8BC2-CF4A32FC5941}.Debug|Any CPU.Build.0 = Debug|Any CPU
		{69A0E55C-76B7-4860-8BC2-CF4A32FC5941}.Release|Any CPU.ActiveCfg = Release|Any CPU
		{69A0E55C-76B7-4860-8BC2-CF4A32FC5941}.Release|Any CPU.Build.0 = Release|Any CPU
		{8B43BF01-BBED-4ACC-B133-A196256D9B50}.Debug|Any CPU.ActiveCfg = Debug|Any CPU
		{8B43BF01-BBED-4ACC-B133-A196256D9B50}.Debug|Any CPU.Build.0 = Debug|Any CPU
		{8B43BF01-BBED-4ACC-B133-A196256D9B50}.Release|Any CPU.ActiveCfg = Release|Any CPU
		{8B43BF01-BBED-4ACC-B133-A196256D9B50}.Release|Any CPU.Build.0 = Release|Any CPU
		{A5669E23-9866-441D-BBEA-EC40AA5FBAB7}.Debug|Any CPU.ActiveCfg = Debug|Any CPU
		{A5669E23-9866-441D-BBEA-EC40AA5FBAB7}.Debug|Any CPU.Build.0 = Debug|Any CPU
		{A5669E23-9866-441D-BBEA-EC40AA5FBAB7}.Release|Any CPU.ActiveCfg = Release|Any CPU
		{A5669E23-9866-441D-BBEA-EC40AA5FBAB7}.Release|Any CPU.Build.0 = Release|Any CPU
		{3DB6DBB2-3858-4C45-ABA0-8694D6B208DD}.Debug|Any CPU.ActiveCfg = Debug|Any CPU
		{3DB6DBB2-3858-4C45-ABA0-8694D6B208DD}.Debug|Any CPU.Build.0 = Debug|Any CPU
		{3DB6DBB2-3858-4C45-ABA0-8694D6B208DD}.Release|Any CPU.ActiveCfg = Release|Any CPU
		{3DB6DBB2-3858-4C45-ABA0-8694D6B208DD}.Release|Any CPU.Build.0 = Release|Any CPU
	EndGlobalSection
EndGlobal
